
Microsoft Visual Studio Solution File, Format Version 12.00
# Visual Studio 15
VisualStudioVersion = 15.0.27130.2036
MinimumVisualStudioVersion = 10.0.40219.1
Project("{9A19103F-16F7-4668-BE54-9A1E7A4F7556}") = "DnnConnector.Abstractions", "src\DnnConnector.Abstractions\DnnConnector.Abstractions.csproj", "{52C9F524-131D-43C2-9E10-99B39ED2623A}"
EndProject
Project("{FAE04EC0-301F-11D3-BF4B-00C04F79EFBC}") = "DnnConnector.NETFramework", "src\DnnConnector.NETFramework\DnnConnector.NETFramework.csproj", "{ACF19344-8BE1-47C8-B879-2CBCF5A3ABD4}"
EndProject
Project("{FAE04EC0-301F-11D3-BF4B-00C04F79EFBC}") = "DnnConnector.Core", "src\DnnConnector.Core\DnnConnector.Core.csproj", "{9CD44EF5-F346-409C-93F6-442C0E2C5A22}"
EndProject
Global
	GlobalSection(SolutionConfigurationPlatforms) = preSolution
		Debug|Any CPU = Debug|Any CPU
		Release|Any CPU = Release|Any CPU
	EndGlobalSection
	GlobalSection(ProjectConfigurationPlatforms) = postSolution
		{52C9F524-131D-43C2-9E10-99B39ED2623A}.Debug|Any CPU.ActiveCfg = Debug|Any CPU
		{52C9F524-131D-43C2-9E10-99B39ED2623A}.Debug|Any CPU.Build.0 = Debug|Any CPU
		{52C9F524-131D-43C2-9E10-99B39ED2623A}.Release|Any CPU.ActiveCfg = Release|Any CPU
		{52C9F524-131D-43C2-9E10-99B39ED2623A}.Release|Any CPU.Build.0 = Release|Any CPU
		{ACF19344-8BE1-47C8-B879-2CBCF5A3ABD4}.Debug|Any CPU.ActiveCfg = Debug|Any CPU
		{ACF19344-8BE1-47C8-B879-2CBCF5A3ABD4}.Debug|Any CPU.Build.0 = Debug|Any CPU
		{ACF19344-8BE1-47C8-B879-2CBCF5A3ABD4}.Release|Any CPU.ActiveCfg = Release|Any CPU
		{ACF19344-8BE1-47C8-B879-2CBCF5A3ABD4}.Release|Any CPU.Build.0 = Release|Any CPU
		{9CD44EF5-F346-409C-93F6-442C0E2C5A22}.Debug|Any CPU.ActiveCfg = Debug|Any CPU
		{9CD44EF5-F346-409C-93F6-442C0E2C5A22}.Debug|Any CPU.Build.0 = Debug|Any CPU
		{9CD44EF5-F346-409C-93F6-442C0E2C5A22}.Release|Any CPU.ActiveCfg = Release|Any CPU
		{9CD44EF5-F346-409C-93F6-442C0E2C5A22}.Release|Any CPU.Build.0 = Release|Any CPU
	EndGlobalSection
	GlobalSection(SolutionProperties) = preSolution
		HideSolutionNode = FALSE
	EndGlobalSection
	GlobalSection(ExtensibilityGlobals) = postSolution
		SolutionGuid = {D490B383-FB95-4D07-836D-D69A7A3A462C}
	EndGlobalSection
EndGlobal
